// !$*UTF8*$!
{
	archiveVersion = 1;
	classes = {
	};
	objectVersion = 56;
	objects = {

/* Begin PBXBuildFile section */
		0F689BC4298EC6F5003F9A9F /* PortfolioView.swift in Sources */ = {isa = PBXBuildFile; fileRef = 0F689BC3298EC6F5003F9A9F /* PortfolioView.swift */; };
		0F689BC8298ECDBE003F9A9F /* CoinLogoView.swift in Sources */ = {isa = PBXBuildFile; fileRef = 0F689BC7298ECDBE003F9A9F /* CoinLogoView.swift */; };
		0F689BCA298EE431003F9A9F /* CheckmarkAnimateView.swift in Sources */ = {isa = PBXBuildFile; fileRef = 0F689BC9298EE431003F9A9F /* CheckmarkAnimateView.swift */; };
		0F689BCD298FDB81003F9A9F /* PortfolioDB.xcdatamodeld in Sources */ = {isa = PBXBuildFile; fileRef = 0F689BCB298FDB81003F9A9F /* PortfolioDB.xcdatamodeld */; };
		0F689BCF298FDE61003F9A9F /* PortfoilioDataService.swift in Sources */ = {isa = PBXBuildFile; fileRef = 0F689BCE298FDE61003F9A9F /* PortfoilioDataService.swift */; };
		0F6B04732986995100F6BCD5 /* NetworkingManager.swift in Sources */ = {isa = PBXBuildFile; fileRef = 0F6B04722986995100F6BCD5 /* NetworkingManager.swift */; };
		0F6B04762986D4F000F6BCD5 /* CoinImageView.swift in Sources */ = {isa = PBXBuildFile; fileRef = 0F6B04752986D4F000F6BCD5 /* CoinImageView.swift */; };
		0F6B04782986D7E800F6BCD5 /* CoinImageService.swift in Sources */ = {isa = PBXBuildFile; fileRef = 0F6B04772986D7E800F6BCD5 /* CoinImageService.swift */; };
		0F6B047A2986D9F800F6BCD5 /* CoinImageViewModel.swift in Sources */ = {isa = PBXBuildFile; fileRef = 0F6B04792986D9F800F6BCD5 /* CoinImageViewModel.swift */; };
		0F6B047C2987C71700F6BCD5 /* LocalFileManager.swift in Sources */ = {isa = PBXBuildFile; fileRef = 0F6B047B2987C71700F6BCD5 /* LocalFileManager.swift */; };
		0F6B047E2987E81E00F6BCD5 /* SearchBarView.swift in Sources */ = {isa = PBXBuildFile; fileRef = 0F6B047D2987E81E00F6BCD5 /* SearchBarView.swift */; };
		0F6B04802987F1D800F6BCD5 /* UIApplication.swift in Sources */ = {isa = PBXBuildFile; fileRef = 0F6B047F2987F1D800F6BCD5 /* UIApplication.swift */; };
		0F6B04822988258200F6BCD5 /* StatisticModel.swift in Sources */ = {isa = PBXBuildFile; fileRef = 0F6B04812988258200F6BCD5 /* StatisticModel.swift */; };
		0F6B04842988275900F6BCD5 /* StatisticView.swift in Sources */ = {isa = PBXBuildFile; fileRef = 0F6B04832988275900F6BCD5 /* StatisticView.swift */; };
		0F6B048629882D2C00F6BCD5 /* HomeStatsView.swift in Sources */ = {isa = PBXBuildFile; fileRef = 0F6B048529882D2C00F6BCD5 /* HomeStatsView.swift */; };
		0F6B04882989729300F6BCD5 /* MarketDataModel.swift in Sources */ = {isa = PBXBuildFile; fileRef = 0F6B04872989729300F6BCD5 /* MarketDataModel.swift */; };
		0F6B048A298989FB00F6BCD5 /* MarketDataService.swift in Sources */ = {isa = PBXBuildFile; fileRef = 0F6B0489298989FB00F6BCD5 /* MarketDataService.swift */; };
		0FD20618298421740098C03E /* Color.swift in Sources */ = {isa = PBXBuildFile; fileRef = 0FD20617298421740098C03E /* Color.swift */; };
		0FD2061D298427140098C03E /* HomeView.swift in Sources */ = {isa = PBXBuildFile; fileRef = 0FD2061C298427140098C03E /* HomeView.swift */; };
		0FD20621298429500098C03E /* CircleButtonView.swift in Sources */ = {isa = PBXBuildFile; fileRef = 0FD20620298429500098C03E /* CircleButtonView.swift */; };
		0FD20623298430F90098C03E /* CircleButtonAnimationView.swift in Sources */ = {isa = PBXBuildFile; fileRef = 0FD20622298430F90098C03E /* CircleButtonAnimationView.swift */; };
		0FD206262984F9BD0098C03E /* CoinModel.swift in Sources */ = {isa = PBXBuildFile; fileRef = 0FD206252984F9BD0098C03E /* CoinModel.swift */; };
		0FD20628298512EC0098C03E /* CoinRowView.swift in Sources */ = {isa = PBXBuildFile; fileRef = 0FD20627298512EC0098C03E /* CoinRowView.swift */; };
		0FD2062A2985143F0098C03E /* PreviewProvider.swift in Sources */ = {isa = PBXBuildFile; fileRef = 0FD206292985143F0098C03E /* PreviewProvider.swift */; };
		0FD2062C29851C940098C03E /* Double.swift in Sources */ = {isa = PBXBuildFile; fileRef = 0FD2062B29851C940098C03E /* Double.swift */; };
		0FD2062E298554670098C03E /* HomeViewModel.swift in Sources */ = {isa = PBXBuildFile; fileRef = 0FD2062D298554670098C03E /* HomeViewModel.swift */; };
		0FD20631298563900098C03E /* CoinDataService.swift in Sources */ = {isa = PBXBuildFile; fileRef = 0FD20630298563900098C03E /* CoinDataService.swift */; };
		0FE41572297EDA480005C272 /* CryptoApp.swift in Sources */ = {isa = PBXBuildFile; fileRef = 0FE41571297EDA480005C272 /* CryptoApp.swift */; };
		0FE41574297EDA480005C272 /* ContentView.swift in Sources */ = {isa = PBXBuildFile; fileRef = 0FE41573297EDA480005C272 /* ContentView.swift */; };
		0FE41576297EDA4A0005C272 /* Assets.xcassets in Resources */ = {isa = PBXBuildFile; fileRef = 0FE41575297EDA4A0005C272 /* Assets.xcassets */; };
		0FE41579297EDA4A0005C272 /* Preview Assets.xcassets in Resources */ = {isa = PBXBuildFile; fileRef = 0FE41578297EDA4A0005C272 /* Preview Assets.xcassets */; };
/* End PBXBuildFile section */

/* Begin PBXFileReference section */
		0F689BC3298EC6F5003F9A9F /* PortfolioView.swift */ = {isa = PBXFileReference; lastKnownFileType = sourcecode.swift; path = PortfolioView.swift; sourceTree = "<group>"; };
		0F689BC7298ECDBE003F9A9F /* CoinLogoView.swift */ = {isa = PBXFileReference; lastKnownFileType = sourcecode.swift; path = CoinLogoView.swift; sourceTree = "<group>"; };
		0F689BC9298EE431003F9A9F /* CheckmarkAnimateView.swift */ = {isa = PBXFileReference; lastKnownFileType = sourcecode.swift; path = CheckmarkAnimateView.swift; sourceTree = "<group>"; };
		0F689BCC298FDB81003F9A9F /* PortfolioDB.xcdatamodel */ = {isa = PBXFileReference; lastKnownFileType = wrapper.xcdatamodel; path = PortfolioDB.xcdatamodel; sourceTree = "<group>"; };
		0F689BCE298FDE61003F9A9F /* PortfoilioDataService.swift */ = {isa = PBXFileReference; lastKnownFileType = sourcecode.swift; path = PortfoilioDataService.swift; sourceTree = "<group>"; };
		0F6B04722986995100F6BCD5 /* NetworkingManager.swift */ = {isa = PBXFileReference; lastKnownFileType = sourcecode.swift; path = NetworkingManager.swift; sourceTree = "<group>"; };
		0F6B04752986D4F000F6BCD5 /* CoinImageView.swift */ = {isa = PBXFileReference; lastKnownFileType = sourcecode.swift; path = CoinImageView.swift; sourceTree = "<group>"; };
		0F6B04772986D7E800F6BCD5 /* CoinImageService.swift */ = {isa = PBXFileReference; lastKnownFileType = sourcecode.swift; path = CoinImageService.swift; sourceTree = "<group>"; };
		0F6B04792986D9F800F6BCD5 /* CoinImageViewModel.swift */ = {isa = PBXFileReference; lastKnownFileType = sourcecode.swift; path = CoinImageViewModel.swift; sourceTree = "<group>"; };
		0F6B047B2987C71700F6BCD5 /* LocalFileManager.swift */ = {isa = PBXFileReference; lastKnownFileType = sourcecode.swift; path = LocalFileManager.swift; sourceTree = "<group>"; };
		0F6B047D2987E81E00F6BCD5 /* SearchBarView.swift */ = {isa = PBXFileReference; lastKnownFileType = sourcecode.swift; path = SearchBarView.swift; sourceTree = "<group>"; };
		0F6B047F2987F1D800F6BCD5 /* UIApplication.swift */ = {isa = PBXFileReference; lastKnownFileType = sourcecode.swift; path = UIApplication.swift; sourceTree = "<group>"; };
		0F6B04812988258200F6BCD5 /* StatisticModel.swift */ = {isa = PBXFileReference; lastKnownFileType = sourcecode.swift; path = StatisticModel.swift; sourceTree = "<group>"; };
		0F6B04832988275900F6BCD5 /* StatisticView.swift */ = {isa = PBXFileReference; lastKnownFileType = sourcecode.swift; path = StatisticView.swift; sourceTree = "<group>"; };
		0F6B048529882D2C00F6BCD5 /* HomeStatsView.swift */ = {isa = PBXFileReference; lastKnownFileType = sourcecode.swift; path = HomeStatsView.swift; sourceTree = "<group>"; };
		0F6B04872989729300F6BCD5 /* MarketDataModel.swift */ = {isa = PBXFileReference; lastKnownFileType = sourcecode.swift; path = MarketDataModel.swift; sourceTree = "<group>"; };
		0F6B0489298989FB00F6BCD5 /* MarketDataService.swift */ = {isa = PBXFileReference; lastKnownFileType = sourcecode.swift; path = MarketDataService.swift; sourceTree = "<group>"; };
		0FD20617298421740098C03E /* Color.swift */ = {isa = PBXFileReference; lastKnownFileType = sourcecode.swift; path = Color.swift; sourceTree = "<group>"; };
		0FD2061C298427140098C03E /* HomeView.swift */ = {isa = PBXFileReference; lastKnownFileType = sourcecode.swift; path = HomeView.swift; sourceTree = "<group>"; };
		0FD20620298429500098C03E /* CircleButtonView.swift */ = {isa = PBXFileReference; lastKnownFileType = sourcecode.swift; path = CircleButtonView.swift; sourceTree = "<group>"; };
		0FD20622298430F90098C03E /* CircleButtonAnimationView.swift */ = {isa = PBXFileReference; lastKnownFileType = sourcecode.swift; path = CircleButtonAnimationView.swift; sourceTree = "<group>"; };
		0FD206252984F9BD0098C03E /* CoinModel.swift */ = {isa = PBXFileReference; lastKnownFileType = sourcecode.swift; path = CoinModel.swift; sourceTree = "<group>"; };
		0FD20627298512EC0098C03E /* CoinRowView.swift */ = {isa = PBXFileReference; lastKnownFileType = sourcecode.swift; path = CoinRowView.swift; sourceTree = "<group>"; };
		0FD206292985143F0098C03E /* PreviewProvider.swift */ = {isa = PBXFileReference; lastKnownFileType = sourcecode.swift; path = PreviewProvider.swift; sourceTree = "<group>"; };
		0FD2062B29851C940098C03E /* Double.swift */ = {isa = PBXFileReference; lastKnownFileType = sourcecode.swift; path = Double.swift; sourceTree = "<group>"; };
		0FD2062D298554670098C03E /* HomeViewModel.swift */ = {isa = PBXFileReference; lastKnownFileType = sourcecode.swift; path = HomeViewModel.swift; sourceTree = "<group>"; };
		0FD20630298563900098C03E /* CoinDataService.swift */ = {isa = PBXFileReference; lastKnownFileType = sourcecode.swift; path = CoinDataService.swift; sourceTree = "<group>"; };
		0FE4156E297EDA480005C272 /* Crypto.app */ = {isa = PBXFileReference; explicitFileType = wrapper.application; includeInIndex = 0; path = Crypto.app; sourceTree = BUILT_PRODUCTS_DIR; };
		0FE41571297EDA480005C272 /* CryptoApp.swift */ = {isa = PBXFileReference; lastKnownFileType = sourcecode.swift; path = CryptoApp.swift; sourceTree = "<group>"; };
		0FE41573297EDA480005C272 /* ContentView.swift */ = {isa = PBXFileReference; lastKnownFileType = sourcecode.swift; path = ContentView.swift; sourceTree = "<group>"; };
		0FE41575297EDA4A0005C272 /* Assets.xcassets */ = {isa = PBXFileReference; lastKnownFileType = folder.assetcatalog; path = Assets.xcassets; sourceTree = "<group>"; };
		0FE41578297EDA4A0005C272 /* Preview Assets.xcassets */ = {isa = PBXFileReference; lastKnownFileType = folder.assetcatalog; path = "Preview Assets.xcassets"; sourceTree = "<group>"; };
/* End PBXFileReference section */

/* Begin PBXFrameworksBuildPhase section */
		0FE4156B297EDA480005C272 /* Frameworks */ = {
			isa = PBXFrameworksBuildPhase;
			buildActionMask = 2147483647;
			files = (
			);
			runOnlyForDeploymentPostprocessing = 0;
		};
/* End PBXFrameworksBuildPhase section */

/* Begin PBXGroup section */
		0F6B04742986D4D300F6BCD5 /* CoinImage */ = {
			isa = PBXGroup;
			children = (
				0F6B04752986D4F000F6BCD5 /* CoinImageView.swift */,
				0F6B04792986D9F800F6BCD5 /* CoinImageViewModel.swift */,
				0F689BC7298ECDBE003F9A9F /* CoinLogoView.swift */,
			);
			path = CoinImage;
			sourceTree = "<group>";
		};
		0FD206162984215E0098C03E /* Extensions */ = {
			isa = PBXGroup;
			children = (
				0FD20617298421740098C03E /* Color.swift */,
				0FD206292985143F0098C03E /* PreviewProvider.swift */,
				0FD2062B29851C940098C03E /* Double.swift */,
				0F6B047F2987F1D800F6BCD5 /* UIApplication.swift */,
			);
			path = Extensions;
			sourceTree = "<group>";
		};
		0FD20619298426E00098C03E /* Home */ = {
			isa = PBXGroup;
			children = (
				0FD2061B298426F10098C03E /* VIewModel */,
				0FD2061A298426E80098C03E /* View */,
			);
			path = Home;
			sourceTree = "<group>";
		};
		0FD2061A298426E80098C03E /* View */ = {
			isa = PBXGroup;
			children = (
				0FD2061C298427140098C03E /* HomeView.swift */,
				0FD20627298512EC0098C03E /* CoinRowView.swift */,
				0F6B048529882D2C00F6BCD5 /* HomeStatsView.swift */,
				0F689BC3298EC6F5003F9A9F /* PortfolioView.swift */,
			);
			path = View;
			sourceTree = "<group>";
		};
		0FD2061B298426F10098C03E /* VIewModel */ = {
			isa = PBXGroup;
			children = (
				0FD2062D298554670098C03E /* HomeViewModel.swift */,
			);
			path = VIewModel;
			sourceTree = "<group>";
		};
		0FD2061E298429260098C03E /* Components */ = {
			isa = PBXGroup;
			children = (
				0F6B047D2987E81E00F6BCD5 /* SearchBarView.swift */,
				0F6B04832988275900F6BCD5 /* StatisticView.swift */,
				0F689BC9298EE431003F9A9F /* CheckmarkAnimateView.swift */,
				0F6B04742986D4D300F6BCD5 /* CoinImage */,
				0FD2061F298429310098C03E /* CircleButton */,
			);
			path = Components;
			sourceTree = "<group>";
		};
		0FD2061F298429310098C03E /* CircleButton */ = {
			isa = PBXGroup;
			children = (
				0FD20620298429500098C03E /* CircleButtonView.swift */,
				0FD20622298430F90098C03E /* CircleButtonAnimationView.swift */,
			);
			path = CircleButton;
			sourceTree = "<group>";
		};
		0FD206242984F9AE0098C03E /* Model */ = {
			isa = PBXGroup;
			children = (
				0FD206252984F9BD0098C03E /* CoinModel.swift */,
				0F6B04812988258200F6BCD5 /* StatisticModel.swift */,
				0F6B04872989729300F6BCD5 /* MarketDataModel.swift */,
				0F689BCB298FDB81003F9A9F /* PortfolioDB.xcdatamodeld */,
			);
			path = Model;
			sourceTree = "<group>";
		};
		0FD2062F2985634D0098C03E /* Services */ = {
			isa = PBXGroup;
			children = (
				0FD20630298563900098C03E /* CoinDataService.swift */,
				0F6B04772986D7E800F6BCD5 /* CoinImageService.swift */,
				0F6B0489298989FB00F6BCD5 /* MarketDataService.swift */,
				0F689BCE298FDE61003F9A9F /* PortfoilioDataService.swift */,
			);
			path = Services;
			sourceTree = "<group>";
		};
		0FE41565297EDA480005C272 = {
			isa = PBXGroup;
			children = (
				0FE41570297EDA480005C272 /* Crypto */,
				0FE4156F297EDA480005C272 /* Products */,
			);
			sourceTree = "<group>";
		};
		0FE4156F297EDA480005C272 /* Products */ = {
			isa = PBXGroup;
			children = (
				0FE4156E297EDA480005C272 /* Crypto.app */,
			);
			name = Products;
			sourceTree = "<group>";
		};
		0FE41570297EDA480005C272 /* Crypto */ = {
			isa = PBXGroup;
			children = (
				0FE41571297EDA480005C272 /* CryptoApp.swift */,
				0F6B04722986995100F6BCD5 /* NetworkingManager.swift */,
				0F6B047B2987C71700F6BCD5 /* LocalFileManager.swift */,
				0FD2062F2985634D0098C03E /* Services */,
				0FD206242984F9AE0098C03E /* Model */,
				0FD2061E298429260098C03E /* Components */,
				0FD206162984215E0098C03E /* Extensions */,
				0FD20619298426E00098C03E /* Home */,
				0FE41573297EDA480005C272 /* ContentView.swift */,
				0FE41575297EDA4A0005C272 /* Assets.xcassets */,
				0FE41577297EDA4A0005C272 /* Preview Content */,
			);
			path = Crypto;
			sourceTree = "<group>";
		};
		0FE41577297EDA4A0005C272 /* Preview Content */ = {
			isa = PBXGroup;
			children = (
				0FE41578297EDA4A0005C272 /* Preview Assets.xcassets */,
			);
			path = "Preview Content";
			sourceTree = "<group>";
		};
/* End PBXGroup section */

/* Begin PBXNativeTarget section */
		0FE4156D297EDA480005C272 /* Crypto */ = {
			isa = PBXNativeTarget;
			buildConfigurationList = 0FE4157C297EDA4A0005C272 /* Build configuration list for PBXNativeTarget "Crypto" */;
			buildPhases = (
				0FE4156A297EDA480005C272 /* Sources */,
				0FE4156B297EDA480005C272 /* Frameworks */,
				0FE4156C297EDA480005C272 /* Resources */,
			);
			buildRules = (
			);
			dependencies = (
			);
			name = Crypto;
			productName = Crypto;
			productReference = 0FE4156E297EDA480005C272 /* Crypto.app */;
			productType = "com.apple.product-type.application";
		};
/* End PBXNativeTarget section */

/* Begin PBXProject section */
		0FE41566297EDA480005C272 /* Project object */ = {
			isa = PBXProject;
			attributes = {
				BuildIndependentTargetsInParallel = 1;
				LastSwiftUpdateCheck = 1410;
				LastUpgradeCheck = 1410;
				TargetAttributes = {
					0FE4156D297EDA480005C272 = {
						CreatedOnToolsVersion = 14.1;
					};
				};
			};
			buildConfigurationList = 0FE41569297EDA480005C272 /* Build configuration list for PBXProject "Crypto" */;
			compatibilityVersion = "Xcode 14.0";
			developmentRegion = en;
			hasScannedForEncodings = 0;
			knownRegions = (
				en,
				Base,
			);
			mainGroup = 0FE41565297EDA480005C272;
			productRefGroup = 0FE4156F297EDA480005C272 /* Products */;
			projectDirPath = "";
			projectRoot = "";
			targets = (
				0FE4156D297EDA480005C272 /* Crypto */,
			);
		};
/* End PBXProject section */

/* Begin PBXResourcesBuildPhase section */
		0FE4156C297EDA480005C272 /* Resources */ = {
			isa = PBXResourcesBuildPhase;
			buildActionMask = 2147483647;
			files = (
				0FE41579297EDA4A0005C272 /* Preview Assets.xcassets in Resources */,
				0FE41576297EDA4A0005C272 /* Assets.xcassets in Resources */,
			);
			runOnlyForDeploymentPostprocessing = 0;
		};
/* End PBXResourcesBuildPhase section */

/* Begin PBXSourcesBuildPhase section */
		0FE4156A297EDA480005C272 /* Sources */ = {
			isa = PBXSourcesBuildPhase;
			buildActionMask = 2147483647;
			files = (
				0F6B04822988258200F6BCD5 /* StatisticModel.swift in Sources */,
				0FD20631298563900098C03E /* CoinDataService.swift in Sources */,
				0FD20628298512EC0098C03E /* CoinRowView.swift in Sources */,
				0F689BCD298FDB81003F9A9F /* PortfolioDB.xcdatamodeld in Sources */,
				0FD2062E298554670098C03E /* HomeViewModel.swift in Sources */,
				0FE41574297EDA480005C272 /* ContentView.swift in Sources */,
				0F6B047C2987C71700F6BCD5 /* LocalFileManager.swift in Sources */,
				0F6B04882989729300F6BCD5 /* MarketDataModel.swift in Sources */,
				0FD2061D298427140098C03E /* HomeView.swift in Sources */,
				0F6B04842988275900F6BCD5 /* StatisticView.swift in Sources */,
				0F6B04762986D4F000F6BCD5 /* CoinImageView.swift in Sources */,
				0FE41572297EDA480005C272 /* CryptoApp.swift in Sources */,
				0F6B04802987F1D800F6BCD5 /* UIApplication.swift in Sources */,
				0FD20621298429500098C03E /* CircleButtonView.swift in Sources */,
				0FD20618298421740098C03E /* Color.swift in Sources */,
				0F6B047E2987E81E00F6BCD5 /* SearchBarView.swift in Sources */,
				0F6B04732986995100F6BCD5 /* NetworkingManager.swift in Sources */,
				0F689BCF298FDE61003F9A9F /* PortfoilioDataService.swift in Sources */,
				0F689BCA298EE431003F9A9F /* CheckmarkAnimateView.swift in Sources */,
				0F689BC8298ECDBE003F9A9F /* CoinLogoView.swift in Sources */,
				0FD20623298430F90098C03E /* CircleButtonAnimationView.swift in Sources */,
				0F6B048A298989FB00F6BCD5 /* MarketDataService.swift in Sources */,
				0F6B048629882D2C00F6BCD5 /* HomeStatsView.swift in Sources */,
				0F6B047A2986D9F800F6BCD5 /* CoinImageViewModel.swift in Sources */,
				0FD2062A2985143F0098C03E /* PreviewProvider.swift in Sources */,
				0F689BC4298EC6F5003F9A9F /* PortfolioView.swift in Sources */,
				0FD2062C29851C940098C03E /* Double.swift in Sources */,
				0F6B04782986D7E800F6BCD5 /* CoinImageService.swift in Sources */,
				0FD206262984F9BD0098C03E /* CoinModel.swift in Sources */,
			);
			runOnlyForDeploymentPostprocessing = 0;
		};
/* End PBXSourcesBuildPhase section */

/* Begin XCBuildConfiguration section */
		0FE4157A297EDA4A0005C272 /* Debug */ = {
			isa = XCBuildConfiguration;
			buildSettings = {
				ALWAYS_SEARCH_USER_PATHS = NO;
				CLANG_ANALYZER_NONNULL = YES;
				CLANG_ANALYZER_NUMBER_OBJECT_CONVERSION = YES_AGGRESSIVE;
				CLANG_CXX_LANGUAGE_STANDARD = "gnu++20";
				CLANG_ENABLE_MODULES = YES;
				CLANG_ENABLE_OBJC_ARC = YES;
				CLANG_ENABLE_OBJC_WEAK = YES;
				CLANG_WARN_BLOCK_CAPTURE_AUTORELEASING = YES;
				CLANG_WARN_BOOL_CONVERSION = YES;
				CLANG_WARN_COMMA = YES;
				CLANG_WARN_CONSTANT_CONVERSION = YES;
				CLANG_WARN_DEPRECATED_OBJC_IMPLEMENTATIONS = YES;
				CLANG_WARN_DIRECT_OBJC_ISA_USAGE = YES_ERROR;
				CLANG_WARN_DOCUMENTATION_COMMENTS = YES;
				CLANG_WARN_EMPTY_BODY = YES;
				CLANG_WARN_ENUM_CONVERSION = YES;
				CLANG_WARN_INFINITE_RECURSION = YES;
				CLANG_WARN_INT_CONVERSION = YES;
				CLANG_WARN_NON_LITERAL_NULL_CONVERSION = YES;
				CLANG_WARN_OBJC_IMPLICIT_RETAIN_SELF = YES;
				CLANG_WARN_OBJC_LITERAL_CONVERSION = YES;
				CLANG_WARN_OBJC_ROOT_CLASS = YES_ERROR;
				CLANG_WARN_QUOTED_INCLUDE_IN_FRAMEWORK_HEADER = YES;
				CLANG_WARN_RANGE_LOOP_ANALYSIS = YES;
				CLANG_WARN_STRICT_PROTOTYPES = YES;
				CLANG_WARN_SUSPICIOUS_MOVE = YES;
				CLANG_WARN_UNGUARDED_AVAILABILITY = YES_AGGRESSIVE;
				CLANG_WARN_UNREACHABLE_CODE = YES;
				CLANG_WARN__DUPLICATE_METHOD_MATCH = YES;
				COPY_PHASE_STRIP = NO;
				DEBUG_INFORMATION_FORMAT = dwarf;
				ENABLE_STRICT_OBJC_MSGSEND = YES;
				ENABLE_TESTABILITY = YES;
				GCC_C_LANGUAGE_STANDARD = gnu11;
				GCC_DYNAMIC_NO_PIC = NO;
				GCC_NO_COMMON_BLOCKS = YES;
				GCC_OPTIMIZATION_LEVEL = 0;
				GCC_PREPROCESSOR_DEFINITIONS = (
					"DEBUG=1",
					"$(inherited)",
				);
				GCC_WARN_64_TO_32_BIT_CONVERSION = YES;
				GCC_WARN_ABOUT_RETURN_TYPE = YES_ERROR;
				GCC_WARN_UNDECLARED_SELECTOR = YES;
				GCC_WARN_UNINITIALIZED_AUTOS = YES_AGGRESSIVE;
				GCC_WARN_UNUSED_FUNCTION = YES;
				GCC_WARN_UNUSED_VARIABLE = YES;
				IPHONEOS_DEPLOYMENT_TARGET = 16.1;
				MTL_ENABLE_DEBUG_INFO = INCLUDE_SOURCE;
				MTL_FAST_MATH = YES;
				ONLY_ACTIVE_ARCH = YES;
				SDKROOT = iphoneos;
				SWIFT_ACTIVE_COMPILATION_CONDITIONS = DEBUG;
				SWIFT_OPTIMIZATION_LEVEL = "-Onone";
			};
			name = Debug;
		};
		0FE4157B297EDA4A0005C272 /* Release */ = {
			isa = XCBuildConfiguration;
			buildSettings = {
				ALWAYS_SEARCH_USER_PATHS = NO;
				CLANG_ANALYZER_NONNULL = YES;
				CLANG_ANALYZER_NUMBER_OBJECT_CONVERSION = YES_AGGRESSIVE;
				CLANG_CXX_LANGUAGE_STANDARD = "gnu++20";
				CLANG_ENABLE_MODULES = YES;
				CLANG_ENABLE_OBJC_ARC = YES;
				CLANG_ENABLE_OBJC_WEAK = YES;
				CLANG_WARN_BLOCK_CAPTURE_AUTORELEASING = YES;
				CLANG_WARN_BOOL_CONVERSION = YES;
				CLANG_WARN_COMMA = YES;
				CLANG_WARN_CONSTANT_CONVERSION = YES;
				CLANG_WARN_DEPRECATED_OBJC_IMPLEMENTATIONS = YES;
				CLANG_WARN_DIRECT_OBJC_ISA_USAGE = YES_ERROR;
				CLANG_WARN_DOCUMENTATION_COMMENTS = YES;
				CLANG_WARN_EMPTY_BODY = YES;
				CLANG_WARN_ENUM_CONVERSION = YES;
				CLANG_WARN_INFINITE_RECURSION = YES;
				CLANG_WARN_INT_CONVERSION = YES;
				CLANG_WARN_NON_LITERAL_NULL_CONVERSION = YES;
				CLANG_WARN_OBJC_IMPLICIT_RETAIN_SELF = YES;
				CLANG_WARN_OBJC_LITERAL_CONVERSION = YES;
				CLANG_WARN_OBJC_ROOT_CLASS = YES_ERROR;
				CLANG_WARN_QUOTED_INCLUDE_IN_FRAMEWORK_HEADER = YES;
				CLANG_WARN_RANGE_LOOP_ANALYSIS = YES;
				CLANG_WARN_STRICT_PROTOTYPES = YES;
				CLANG_WARN_SUSPICIOUS_MOVE = YES;
				CLANG_WARN_UNGUARDED_AVAILABILITY = YES_AGGRESSIVE;
				CLANG_WARN_UNREACHABLE_CODE = YES;
				CLANG_WARN__DUPLICATE_METHOD_MATCH = YES;
				COPY_PHASE_STRIP = NO;
				DEBUG_INFORMATION_FORMAT = "dwarf-with-dsym";
				ENABLE_NS_ASSERTIONS = NO;
				ENABLE_STRICT_OBJC_MSGSEND = YES;
				GCC_C_LANGUAGE_STANDARD = gnu11;
				GCC_NO_COMMON_BLOCKS = YES;
				GCC_WARN_64_TO_32_BIT_CONVERSION = YES;
				GCC_WARN_ABOUT_RETURN_TYPE = YES_ERROR;
				GCC_WARN_UNDECLARED_SELECTOR = YES;
				GCC_WARN_UNINITIALIZED_AUTOS = YES_AGGRESSIVE;
				GCC_WARN_UNUSED_FUNCTION = YES;
				GCC_WARN_UNUSED_VARIABLE = YES;
				IPHONEOS_DEPLOYMENT_TARGET = 16.1;
				MTL_ENABLE_DEBUG_INFO = NO;
				MTL_FAST_MATH = YES;
				SDKROOT = iphoneos;
				SWIFT_COMPILATION_MODE = wholemodule;
				SWIFT_OPTIMIZATION_LEVEL = "-O";
				VALIDATE_PRODUCT = YES;
			};
			name = Release;
		};
		0FE4157D297EDA4A0005C272 /* Debug */ = {
			isa = XCBuildConfiguration;
			buildSettings = {
				ASSETCATALOG_COMPILER_APPICON_NAME = AppIcon;
				ASSETCATALOG_COMPILER_GLOBAL_ACCENT_COLOR_NAME = AccentColor;
				CODE_SIGN_STYLE = Automatic;
				CURRENT_PROJECT_VERSION = 1;
				DEVELOPMENT_ASSET_PATHS = "\"Crypto/Preview Content\"";
				DEVELOPMENT_TEAM = 478RTL6G2K;
				ENABLE_PREVIEWS = YES;
				GENERATE_INFOPLIST_FILE = YES;
				INFOPLIST_KEY_CFBundleDisplayName = Crypto;
				INFOPLIST_KEY_LSApplicationCategoryType = "public.app-category.finance";
				INFOPLIST_KEY_UIApplicationSceneManifest_Generation = YES;
				INFOPLIST_KEY_UIApplicationSupportsIndirectInputEvents = YES;
				INFOPLIST_KEY_UILaunchScreen_Generation = YES;
				INFOPLIST_KEY_UISupportedInterfaceOrientations = UIInterfaceOrientationPortrait;
				INFOPLIST_KEY_UISupportedInterfaceOrientations_iPad = "UIInterfaceOrientationLandscapeLeft UIInterfaceOrientationLandscapeRight UIInterfaceOrientationPortrait UIInterfaceOrientationPortraitUpsideDown";
				LD_RUNPATH_SEARCH_PATHS = (
					"$(inherited)",
					"@executable_path/Frameworks",
				);
				MARKETING_VERSION = 1.0;
				PRODUCT_BUNDLE_IDENTIFIER = com.imerkulenko.Crypto;
				PRODUCT_NAME = "$(TARGET_NAME)";
				SWIFT_EMIT_LOC_STRINGS = YES;
				SWIFT_VERSION = 5.0;
				TARGETED_DEVICE_FAMILY = "1,2";
			};
			name = Debug;
		};
		0FE4157E297EDA4A0005C272 /* Release */ = {
			isa = XCBuildConfiguration;
			buildSettings = {
				ASSETCATALOG_COMPILER_APPICON_NAME = AppIcon;
				ASSETCATALOG_COMPILER_GLOBAL_ACCENT_COLOR_NAME = AccentColor;
				CODE_SIGN_STYLE = Automatic;
				CURRENT_PROJECT_VERSION = 1;
				DEVELOPMENT_ASSET_PATHS = "\"Crypto/Preview Content\"";
				DEVELOPMENT_TEAM = 478RTL6G2K;
				ENABLE_PREVIEWS = YES;
				GENERATE_INFOPLIST_FILE = YES;
				INFOPLIST_KEY_CFBundleDisplayName = Crypto;
				INFOPLIST_KEY_LSApplicationCategoryType = "public.app-category.finance";
				INFOPLIST_KEY_UIApplicationSceneManifest_Generation = YES;
				INFOPLIST_KEY_UIApplicationSupportsIndirectInputEvents = YES;
				INFOPLIST_KEY_UILaunchScreen_Generation = YES;
				INFOPLIST_KEY_UISupportedInterfaceOrientations = UIInterfaceOrientationPortrait;
				INFOPLIST_KEY_UISupportedInterfaceOrientations_iPad = "UIInterfaceOrientationLandscapeLeft UIInterfaceOrientationLandscapeRight UIInterfaceOrientationPortrait UIInterfaceOrientationPortraitUpsideDown";
				LD_RUNPATH_SEARCH_PATHS = (
					"$(inherited)",
					"@executable_path/Frameworks",
				);
				MARKETING_VERSION = 1.0;
				PRODUCT_BUNDLE_IDENTIFIER = com.imerkulenko.Crypto;
				PRODUCT_NAME = "$(TARGET_NAME)";
				SWIFT_EMIT_LOC_STRINGS = YES;
				SWIFT_VERSION = 5.0;
				TARGETED_DEVICE_FAMILY = "1,2";
			};
			name = Release;
		};
/* End XCBuildConfiguration section */

/* Begin XCConfigurationList section */
		0FE41569297EDA480005C272 /* Build configuration list for PBXProject "Crypto" */ = {
			isa = XCConfigurationList;
			buildConfigurations = (
				0FE4157A297EDA4A0005C272 /* Debug */,
				0FE4157B297EDA4A0005C272 /* Release */,
			);
			defaultConfigurationIsVisible = 0;
			defaultConfigurationName = Release;
		};
		0FE4157C297EDA4A0005C272 /* Build configuration list for PBXNativeTarget "Crypto" */ = {
			isa = XCConfigurationList;
			buildConfigurations = (
				0FE4157D297EDA4A0005C272 /* Debug */,
				0FE4157E297EDA4A0005C272 /* Release */,
			);
			defaultConfigurationIsVisible = 0;
			defaultConfigurationName = Release;
		};
/* End XCConfigurationList section */

/* Begin XCVersionGroup section */
		0F689BCB298FDB81003F9A9F /* PortfolioDB.xcdatamodeld */ = {
			isa = XCVersionGroup;
			children = (
				0F689BCC298FDB81003F9A9F /* PortfolioDB.xcdatamodel */,
			);
			currentVersion = 0F689BCC298FDB81003F9A9F /* PortfolioDB.xcdatamodel */;
			path = PortfolioDB.xcdatamodeld;
			sourceTree = "<group>";
			versionGroupType = wrapper.xcdatamodel;
		};
/* End XCVersionGroup section */
	};
	rootObject = 0FE41566297EDA480005C272 /* Project object */;
}
